// !$*UTF8*$!
{
	archiveVersion = 1;
	classes = {
	};
	objectVersion = 56;
	objects = {

/* Begin PBXBuildFile section */
		58DF7B9A2C2A7CE300603763 /* baeminbasketApp.swift in Sources */ = {isa = PBXBuildFile; fileRef = 58DF7B992C2A7CE300603763 /* baeminbasketApp.swift */; };
		58DF7B9C2C2A7CE300603763 /* ContentView.swift in Sources */ = {isa = PBXBuildFile; fileRef = 58DF7B9B2C2A7CE300603763 /* ContentView.swift */; };
		58DF7B9E2C2A7CE400603763 /* Assets.xcassets in Resources */ = {isa = PBXBuildFile; fileRef = 58DF7B9D2C2A7CE400603763 /* Assets.xcassets */; };
		58DF7BA12C2A7CE400603763 /* Preview Assets.xcassets in Resources */ = {isa = PBXBuildFile; fileRef = 58DF7BA02C2A7CE400603763 /* Preview Assets.xcassets */; };
		58DF7BAB2C2A7CE500603763 /* baeminbasketTests.swift in Sources */ = {isa = PBXBuildFile; fileRef = 58DF7BAA2C2A7CE500603763 /* baeminbasketTests.swift */; };
		58DF7BB52C2A7CE500603763 /* baeminbasketUITests.swift in Sources */ = {isa = PBXBuildFile; fileRef = 58DF7BB42C2A7CE500603763 /* baeminbasketUITests.swift */; };
		58DF7BB72C2A7CE500603763 /* baeminbasketUITestsLaunchTests.swift in Sources */ = {isa = PBXBuildFile; fileRef = 58DF7BB62C2A7CE500603763 /* baeminbasketUITestsLaunchTests.swift */; };
		58DF7BC42C2A81F900603763 /* SelectView.swift in Sources */ = {isa = PBXBuildFile; fileRef = 58DF7BC32C2A81F900603763 /* SelectView.swift */; };
		58DF7BC62C2A879800603763 /* OrderView.swift in Sources */ = {isa = PBXBuildFile; fileRef = 58DF7BC52C2A879800603763 /* OrderView.swift */; };
/* End PBXBuildFile section */

/* Begin PBXContainerItemProxy section */
		58DF7BA72C2A7CE500603763 /* PBXContainerItemProxy */ = {
			isa = PBXContainerItemProxy;
			containerPortal = 58DF7B8E2C2A7CE300603763 /* Project object */;
			proxyType = 1;
			remoteGlobalIDString = 58DF7B952C2A7CE300603763;
			remoteInfo = baeminbasket;
		};
		58DF7BB12C2A7CE500603763 /* PBXContainerItemProxy */ = {
			isa = PBXContainerItemProxy;
			containerPortal = 58DF7B8E2C2A7CE300603763 /* Project object */;
			proxyType = 1;
			remoteGlobalIDString = 58DF7B952C2A7CE300603763;
			remoteInfo = baeminbasket;
		};
/* End PBXContainerItemProxy section */

/* Begin PBXFileReference section */
		58DF7B962C2A7CE300603763 /* baeminbasket.app */ = {isa = PBXFileReference; explicitFileType = wrapper.application; includeInIndex = 0; path = baeminbasket.app; sourceTree = BUILT_PRODUCTS_DIR; };
		58DF7B992C2A7CE300603763 /* baeminbasketApp.swift */ = {isa = PBXFileReference; lastKnownFileType = sourcecode.swift; path = baeminbasketApp.swift; sourceTree = "<group>"; };
		58DF7B9B2C2A7CE300603763 /* ContentView.swift */ = {isa = PBXFileReference; lastKnownFileType = sourcecode.swift; path = ContentView.swift; sourceTree = "<group>"; };
		58DF7B9D2C2A7CE400603763 /* Assets.xcassets */ = {isa = PBXFileReference; lastKnownFileType = folder.assetcatalog; path = Assets.xcassets; sourceTree = "<group>"; };
		58DF7BA02C2A7CE400603763 /* Preview Assets.xcassets */ = {isa = PBXFileReference; lastKnownFileType = folder.assetcatalog; path = "Preview Assets.xcassets"; sourceTree = "<group>"; };
		58DF7BA62C2A7CE500603763 /* baeminbasketTests.xctest */ = {isa = PBXFileReference; explicitFileType = wrapper.cfbundle; includeInIndex = 0; path = baeminbasketTests.xctest; sourceTree = BUILT_PRODUCTS_DIR; };
		58DF7BAA2C2A7CE500603763 /* baeminbasketTests.swift */ = {isa = PBXFileReference; lastKnownFileType = sourcecode.swift; path = baeminbasketTests.swift; sourceTree = "<group>"; };
		58DF7BB02C2A7CE500603763 /* baeminbasketUITests.xctest */ = {isa = PBXFileReference; explicitFileType = wrapper.cfbundle; includeInIndex = 0; path = baeminbasketUITests.xctest; sourceTree = BUILT_PRODUCTS_DIR; };
		58DF7BB42C2A7CE500603763 /* baeminbasketUITests.swift */ = {isa = PBXFileReference; lastKnownFileType = sourcecode.swift; path = baeminbasketUITests.swift; sourceTree = "<group>"; };
		58DF7BB62C2A7CE500603763 /* baeminbasketUITestsLaunchTests.swift */ = {isa = PBXFileReference; lastKnownFileType = sourcecode.swift; path = baeminbasketUITestsLaunchTests.swift; sourceTree = "<group>"; };
		58DF7BC32C2A81F900603763 /* SelectView.swift */ = {isa = PBXFileReference; lastKnownFileType = sourcecode.swift; path = SelectView.swift; sourceTree = "<group>"; };
		58DF7BC52C2A879800603763 /* OrderView.swift */ = {isa = PBXFileReference; lastKnownFileType = sourcecode.swift; path = OrderView.swift; sourceTree = "<group>"; };
/* End PBXFileReference section */

/* Begin PBXFrameworksBuildPhase section */
		58DF7B932C2A7CE300603763 /* Frameworks */ = {
			isa = PBXFrameworksBuildPhase;
			buildActionMask = 2147483647;
			files = (
			);
			runOnlyForDeploymentPostprocessing = 0;
		};
		58DF7BA32C2A7CE500603763 /* Frameworks */ = {
			isa = PBXFrameworksBuildPhase;
			buildActionMask = 2147483647;
			files = (
			);
			runOnlyForDeploymentPostprocessing = 0;
		};
		58DF7BAD2C2A7CE500603763 /* Frameworks */ = {
			isa = PBXFrameworksBuildPhase;
			buildActionMask = 2147483647;
			files = (
			);
			runOnlyForDeploymentPostprocessing = 0;
		};
/* End PBXFrameworksBuildPhase section */

/* Begin PBXGroup section */
		58DF7B8D2C2A7CE300603763 = {
			isa = PBXGroup;
			children = (
				58DF7B982C2A7CE300603763 /* baeminbasket */,
				58DF7BA92C2A7CE500603763 /* baeminbasketTests */,
				58DF7BB32C2A7CE500603763 /* baeminbasketUITests */,
				58DF7B972C2A7CE300603763 /* Products */,
			);
			sourceTree = "<group>";
		};
		58DF7B972C2A7CE300603763 /* Products */ = {
			isa = PBXGroup;
			children = (
				58DF7B962C2A7CE300603763 /* baeminbasket.app */,
				58DF7BA62C2A7CE500603763 /* baeminbasketTests.xctest */,
				58DF7BB02C2A7CE500603763 /* baeminbasketUITests.xctest */,
			);
			name = Products;
			sourceTree = "<group>";
		};
		58DF7B982C2A7CE300603763 /* baeminbasket */ = {
			isa = PBXGroup;
			children = (
				58DF7B992C2A7CE300603763 /* baeminbasketApp.swift */,
				58DF7B9B2C2A7CE300603763 /* ContentView.swift */,
				58DF7B9D2C2A7CE400603763 /* Assets.xcassets */,
				58DF7B9F2C2A7CE400603763 /* Preview Content */,
				58DF7BC32C2A81F900603763 /* SelectView.swift */,
				58DF7BC52C2A879800603763 /* OrderView.swift */,
			);
			path = baeminbasket;
			sourceTree = "<group>";
		};
		58DF7B9F2C2A7CE400603763 /* Preview Content */ = {
			isa = PBXGroup;
			children = (
				58DF7BA02C2A7CE400603763 /* Preview Assets.xcassets */,
			);
			path = "Preview Content";
			sourceTree = "<group>";
		};
		58DF7BA92C2A7CE500603763 /* baeminbasketTests */ = {
			isa = PBXGroup;
			children = (
				58DF7BAA2C2A7CE500603763 /* baeminbasketTests.swift */,
			);
			path = baeminbasketTests;
			sourceTree = "<group>";
		};
		58DF7BB32C2A7CE500603763 /* baeminbasketUITests */ = {
			isa = PBXGroup;
			children = (
				58DF7BB42C2A7CE500603763 /* baeminbasketUITests.swift */,
				58DF7BB62C2A7CE500603763 /* baeminbasketUITestsLaunchTests.swift */,
			);
			path = baeminbasketUITests;
			sourceTree = "<group>";
		};
/* End PBXGroup section */

/* Begin PBXNativeTarget section */
		58DF7B952C2A7CE300603763 /* baeminbasket */ = {
			isa = PBXNativeTarget;
			buildConfigurationList = 58DF7BBA2C2A7CE500603763 /* Build configuration list for PBXNativeTarget "baeminbasket" */;
			buildPhases = (
				58DF7B922C2A7CE300603763 /* Sources */,
				58DF7B932C2A7CE300603763 /* Frameworks */,
				58DF7B942C2A7CE300603763 /* Resources */,
			);
			buildRules = (
			);
			dependencies = (
			);
			name = baeminbasket;
			productName = baeminbasket;
			productReference = 58DF7B962C2A7CE300603763 /* baeminbasket.app */;
			productType = "com.apple.product-type.application";
		};
		58DF7BA52C2A7CE500603763 /* baeminbasketTests */ = {
			isa = PBXNativeTarget;
			buildConfigurationList = 58DF7BBD2C2A7CE500603763 /* Build configuration list for PBXNativeTarget "baeminbasketTests" */;
			buildPhases = (
				58DF7BA22C2A7CE500603763 /* Sources */,
				58DF7BA32C2A7CE500603763 /* Frameworks */,
				58DF7BA42C2A7CE500603763 /* Resources */,
			);
			buildRules = (
			);
			dependencies = (
				58DF7BA82C2A7CE500603763 /* PBXTargetDependency */,
			);
			name = baeminbasketTests;
			productName = baeminbasketTests;
			productReference = 58DF7BA62C2A7CE500603763 /* baeminbasketTests.xctest */;
			productType = "com.apple.product-type.bundle.unit-test";
		};
		58DF7BAF2C2A7CE500603763 /* baeminbasketUITests */ = {
			isa = PBXNativeTarget;
			buildConfigurationList = 58DF7BC02C2A7CE500603763 /* Build configuration list for PBXNativeTarget "baeminbasketUITests" */;
			buildPhases = (
				58DF7BAC2C2A7CE500603763 /* Sources */,
				58DF7BAD2C2A7CE500603763 /* Frameworks */,
				58DF7BAE2C2A7CE500603763 /* Resources */,
			);
			buildRules = (
			);
			dependencies = (
				58DF7BB22C2A7CE500603763 /* PBXTargetDependency */,
			);
			name = baeminbasketUITests;
			productName = baeminbasketUITests;
			productReference = 58DF7BB02C2A7CE500603763 /* baeminbasketUITests.xctest */;
			productType = "com.apple.product-type.bundle.ui-testing";
		};
/* End PBXNativeTarget section */

/* Begin PBXProject section */
		58DF7B8E2C2A7CE300603763 /* Project object */ = {
			isa = PBXProject;
			attributes = {
				BuildIndependentTargetsInParallel = 1;
				LastSwiftUpdateCheck = 1540;
				LastUpgradeCheck = 1540;
				TargetAttributes = {
					58DF7B952C2A7CE300603763 = {
						CreatedOnToolsVersion = 15.4;
					};
					58DF7BA52C2A7CE500603763 = {
						CreatedOnToolsVersion = 15.4;
						TestTargetID = 58DF7B952C2A7CE300603763;
					};
					58DF7BAF2C2A7CE500603763 = {
						CreatedOnToolsVersion = 15.4;
						TestTargetID = 58DF7B952C2A7CE300603763;
					};
				};
			};
			buildConfigurationList = 58DF7B912C2A7CE300603763 /* Build configuration list for PBXProject "baeminbasket" */;
			compatibilityVersion = "Xcode 14.0";
			developmentRegion = en;
			hasScannedForEncodings = 0;
			knownRegions = (
				en,
				Base,
			);
			mainGroup = 58DF7B8D2C2A7CE300603763;
			productRefGroup = 58DF7B972C2A7CE300603763 /* Products */;
			projectDirPath = "";
			projectRoot = "";
			targets = (
				58DF7B952C2A7CE300603763 /* baeminbasket */,
				58DF7BA52C2A7CE500603763 /* baeminbasketTests */,
				58DF7BAF2C2A7CE500603763 /* baeminbasketUITests */,
			);
		};
/* End PBXProject section */

/* Begin PBXResourcesBuildPhase section */
		58DF7B942C2A7CE300603763 /* Resources */ = {
			isa = PBXResourcesBuildPhase;
			buildActionMask = 2147483647;
			files = (
				58DF7BA12C2A7CE400603763 /* Preview Assets.xcassets in Resources */,
				58DF7B9E2C2A7CE400603763 /* Assets.xcassets in Resources */,
			);
			runOnlyForDeploymentPostprocessing = 0;
		};
		58DF7BA42C2A7CE500603763 /* Resources */ = {
			isa = PBXResourcesBuildPhase;
			buildActionMask = 2147483647;
			files = (
			);
			runOnlyForDeploymentPostprocessing = 0;
		};
		58DF7BAE2C2A7CE500603763 /* Resources */ = {
			isa = PBXResourcesBuildPhase;
			buildActionMask = 2147483647;
			files = (
			);
			runOnlyForDeploymentPostprocessing = 0;
		};
/* End PBXResourcesBuildPhase section */

/* Begin PBXSourcesBuildPhase section */
		58DF7B922C2A7CE300603763 /* Sources */ = {
			isa = PBXSourcesBuildPhase;
			buildActionMask = 2147483647;
			files = (
				58DF7B9C2C2A7CE300603763 /* ContentView.swift in Sources */,
				58DF7BC62C2A879800603763 /* OrderView.swift in Sources */,
				58DF7B9A2C2A7CE300603763 /* baeminbasketApp.swift in Sources */,
				58DF7BC42C2A81F900603763 /* SelectView.swift in Sources */,
			);
			runOnlyForDeploymentPostprocessing = 0;
		};
		58DF7BA22C2A7CE500603763 /* Sources */ = {
			isa = PBXSourcesBuildPhase;
			buildActionMask = 2147483647;
			files = (
				58DF7BAB2C2A7CE500603763 /* baeminbasketTests.swift in Sources */,
			);
			runOnlyForDeploymentPostprocessing = 0;
		};
		58DF7BAC2C2A7CE500603763 /* Sources */ = {
			isa = PBXSourcesBuildPhase;
			buildActionMask = 2147483647;
			files = (
				58DF7BB72C2A7CE500603763 /* baeminbasketUITestsLaunchTests.swift in Sources */,
				58DF7BB52C2A7CE500603763 /* baeminbasketUITests.swift in Sources */,
			);
			runOnlyForDeploymentPostprocessing = 0;
		};
/* End PBXSourcesBuildPhase section */

/* Begin PBXTargetDependency section */
		58DF7BA82C2A7CE500603763 /* PBXTargetDependency */ = {
			isa = PBXTargetDependency;
			target = 58DF7B952C2A7CE300603763 /* baeminbasket */;
			targetProxy = 58DF7BA72C2A7CE500603763 /* PBXContainerItemProxy */;
		};
		58DF7BB22C2A7CE500603763 /* PBXTargetDependency */ = {
			isa = PBXTargetDependency;
			target = 58DF7B952C2A7CE300603763 /* baeminbasket */;
			targetProxy = 58DF7BB12C2A7CE500603763 /* PBXContainerItemProxy */;
		};
/* End PBXTargetDependency section */

/* Begin XCBuildConfiguration section */
		58DF7BB82C2A7CE500603763 /* Debug */ = {
			isa = XCBuildConfiguration;
			buildSettings = {
				ALWAYS_SEARCH_USER_PATHS = NO;
				ASSETCATALOG_COMPILER_GENERATE_SWIFT_ASSET_SYMBOL_EXTENSIONS = YES;
				CLANG_ANALYZER_NONNULL = YES;
				CLANG_ANALYZER_NUMBER_OBJECT_CONVERSION = YES_AGGRESSIVE;
				CLANG_CXX_LANGUAGE_STANDARD = "gnu++20";
				CLANG_ENABLE_MODULES = YES;
				CLANG_ENABLE_OBJC_ARC = YES;
				CLANG_ENABLE_OBJC_WEAK = YES;
				CLANG_WARN_BLOCK_CAPTURE_AUTORELEASING = YES;
				CLANG_WARN_BOOL_CONVERSION = YES;
				CLANG_WARN_COMMA = YES;
				CLANG_WARN_CONSTANT_CONVERSION = YES;
				CLANG_WARN_DEPRECATED_OBJC_IMPLEMENTATIONS = YES;
				CLANG_WARN_DIRECT_OBJC_ISA_USAGE = YES_ERROR;
				CLANG_WARN_DOCUMENTATION_COMMENTS = YES;
				CLANG_WARN_EMPTY_BODY = YES;
				CLANG_WARN_ENUM_CONVERSION = YES;
				CLANG_WARN_INFINITE_RECURSION = YES;
				CLANG_WARN_INT_CONVERSION = YES;
				CLANG_WARN_NON_LITERAL_NULL_CONVERSION = YES;
				CLANG_WARN_OBJC_IMPLICIT_RETAIN_SELF = YES;
				CLANG_WARN_OBJC_LITERAL_CONVERSION = YES;
				CLANG_WARN_OBJC_ROOT_CLASS = YES_ERROR;
				CLANG_WARN_QUOTED_INCLUDE_IN_FRAMEWORK_HEADER = YES;
				CLANG_WARN_RANGE_LOOP_ANALYSIS = YES;
				CLANG_WARN_STRICT_PROTOTYPES = YES;
				CLANG_WARN_SUSPICIOUS_MOVE = YES;
				CLANG_WARN_UNGUARDED_AVAILABILITY = YES_AGGRESSIVE;
				CLANG_WARN_UNREACHABLE_CODE = YES;
				CLANG_WARN__DUPLICATE_METHOD_MATCH = YES;
				COPY_PHASE_STRIP = NO;
				DEBUG_INFORMATION_FORMAT = dwarf;
				ENABLE_STRICT_OBJC_MSGSEND = YES;
				ENABLE_TESTABILITY = YES;
				ENABLE_USER_SCRIPT_SANDBOXING = YES;
				GCC_C_LANGUAGE_STANDARD = gnu17;
				GCC_DYNAMIC_NO_PIC = NO;
				GCC_NO_COMMON_BLOCKS = YES;
				GCC_OPTIMIZATION_LEVEL = 0;
				GCC_PREPROCESSOR_DEFINITIONS = (
					"DEBUG=1",
					"$(inherited)",
				);
				GCC_WARN_64_TO_32_BIT_CONVERSION = YES;
				GCC_WARN_ABOUT_RETURN_TYPE = YES_ERROR;
				GCC_WARN_UNDECLARED_SELECTOR = YES;
				GCC_WARN_UNINITIALIZED_AUTOS = YES_AGGRESSIVE;
				GCC_WARN_UNUSED_FUNCTION = YES;
				GCC_WARN_UNUSED_VARIABLE = YES;
				IPHONEOS_DEPLOYMENT_TARGET = 17.5;
				LOCALIZATION_PREFERS_STRING_CATALOGS = YES;
				MTL_ENABLE_DEBUG_INFO = INCLUDE_SOURCE;
				MTL_FAST_MATH = YES;
				ONLY_ACTIVE_ARCH = YES;
				SDKROOT = iphoneos;
				SWIFT_ACTIVE_COMPILATION_CONDITIONS = "DEBUG $(inherited)";
				SWIFT_OPTIMIZATION_LEVEL = "-Onone";
			};
			name = Debug;
		};
		58DF7BB92C2A7CE500603763 /* Release */ = {
			isa = XCBuildConfiguration;
			buildSettings = {
				ALWAYS_SEARCH_USER_PATHS = NO;
				ASSETCATALOG_COMPILER_GENERATE_SWIFT_ASSET_SYMBOL_EXTENSIONS = YES;
				CLANG_ANALYZER_NONNULL = YES;
				CLANG_ANALYZER_NUMBER_OBJECT_CONVERSION = YES_AGGRESSIVE;
				CLANG_CXX_LANGUAGE_STANDARD = "gnu++20";
				CLANG_ENABLE_MODULES = YES;
				CLANG_ENABLE_OBJC_ARC = YES;
				CLANG_ENABLE_OBJC_WEAK = YES;
				CLANG_WARN_BLOCK_CAPTURE_AUTORELEASING = YES;
				CLANG_WARN_BOOL_CONVERSION = YES;
				CLANG_WARN_COMMA = YES;
				CLANG_WARN_CONSTANT_CONVERSION = YES;
				CLANG_WARN_DEPRECATED_OBJC_IMPLEMENTATIONS = YES;
				CLANG_WARN_DIRECT_OBJC_ISA_USAGE = YES_ERROR;
				CLANG_WARN_DOCUMENTATION_COMMENTS = YES;
				CLANG_WARN_EMPTY_BODY = YES;
				CLANG_WARN_ENUM_CONVERSION = YES;
				CLANG_WARN_INFINITE_RECURSION = YES;
				CLANG_WARN_INT_CONVERSION = YES;
				CLANG_WARN_NON_LITERAL_NULL_CONVERSION = YES;
				CLANG_WARN_OBJC_IMPLICIT_RETAIN_SELF = YES;
				CLANG_WARN_OBJC_LITERAL_CONVERSION = YES;
				CLANG_WARN_OBJC_ROOT_CLASS = YES_ERROR;
				CLANG_WARN_QUOTED_INCLUDE_IN_FRAMEWORK_HEADER = YES;
				CLANG_WARN_RANGE_LOOP_ANALYSIS = YES;
				CLANG_WARN_STRICT_PROTOTYPES = YES;
				CLANG_WARN_SUSPICIOUS_MOVE = YES;
				CLANG_WARN_UNGUARDED_AVAILABILITY = YES_AGGRESSIVE;
				CLANG_WARN_UNREACHABLE_CODE = YES;
				CLANG_WARN__DUPLICATE_METHOD_MATCH = YES;
				COPY_PHASE_STRIP = NO;
				DEBUG_INFORMATION_FORMAT = "dwarf-with-dsym";
				ENABLE_NS_ASSERTIONS = NO;
				ENABLE_STRICT_OBJC_MSGSEND = YES;
				ENABLE_USER_SCRIPT_SANDBOXING = YES;
				GCC_C_LANGUAGE_STANDARD = gnu17;
				GCC_NO_COMMON_BLOCKS = YES;
				GCC_WARN_64_TO_32_BIT_CONVERSION = YES;
				GCC_WARN_ABOUT_RETURN_TYPE = YES_ERROR;
				GCC_WARN_UNDECLARED_SELECTOR = YES;
				GCC_WARN_UNINITIALIZED_AUTOS = YES_AGGRESSIVE;
				GCC_WARN_UNUSED_FUNCTION = YES;
				GCC_WARN_UNUSED_VARIABLE = YES;
				IPHONEOS_DEPLOYMENT_TARGET = 17.5;
				LOCALIZATION_PREFERS_STRING_CATALOGS = YES;
				MTL_ENABLE_DEBUG_INFO = NO;
				MTL_FAST_MATH = YES;
				SDKROOT = iphoneos;
				SWIFT_COMPILATION_MODE = wholemodule;
				VALIDATE_PRODUCT = YES;
			};
			name = Release;
		};
		58DF7BBB2C2A7CE500603763 /* Debug */ = {
			isa = XCBuildConfiguration;
			buildSettings = {
				ASSETCATALOG_COMPILER_APPICON_NAME = AppIcon;
				ASSETCATALOG_COMPILER_GLOBAL_ACCENT_COLOR_NAME = AccentColor;
				CODE_SIGN_STYLE = Automatic;
				CURRENT_PROJECT_VERSION = 1;
				DEVELOPMENT_ASSET_PATHS = "\"baeminbasket/Preview Content\"";
				DEVELOPMENT_TEAM = G62DUX396A;
				ENABLE_PREVIEWS = YES;
				GENERATE_INFOPLIST_FILE = YES;
				INFOPLIST_KEY_UIApplicationSceneManifest_Generation = YES;
				INFOPLIST_KEY_UIApplicationSupportsIndirectInputEvents = YES;
				INFOPLIST_KEY_UILaunchScreen_Generation = YES;
				INFOPLIST_KEY_UISupportedInterfaceOrientations_iPad = "UIInterfaceOrientationPortrait UIInterfaceOrientationPortraitUpsideDown UIInterfaceOrientationLandscapeLeft UIInterfaceOrientationLandscapeRight";
				INFOPLIST_KEY_UISupportedInterfaceOrientations_iPhone = "UIInterfaceOrientationPortrait UIInterfaceOrientationLandscapeLeft UIInterfaceOrientationLandscapeRight";
				LD_RUNPATH_SEARCH_PATHS = (
					"$(inherited)",
					"@executable_path/Frameworks",
				);
				MARKETING_VERSION = 1.0;
				PRODUCT_BUNDLE_IDENTIFIER = com.baeminbasket;
				PRODUCT_NAME = "$(TARGET_NAME)";
				SWIFT_EMIT_LOC_STRINGS = YES;
				SWIFT_VERSION = 5.0;
				TARGETED_DEVICE_FAMILY = "1,2";
			};
			name = Debug;
		};
		58DF7BBC2C2A7CE500603763 /* Release */ = {
			isa = XCBuildConfiguration;
			buildSettings = {
				ASSETCATALOG_COMPILER_APPICON_NAME = AppIcon;
				ASSETCATALOG_COMPILER_GLOBAL_ACCENT_COLOR_NAME = AccentColor;
				CODE_SIGN_STYLE = Automatic;
				CURRENT_PROJECT_VERSION = 1;
				DEVELOPMENT_ASSET_PATHS = "\"baeminbasket/Preview Content\"";
				DEVELOPMENT_TEAM = G62DUX396A;
				ENABLE_PREVIEWS = YES;
				GENERATE_INFOPLIST_FILE = YES;
				INFOPLIST_KEY_UIApplicationSceneManifest_Generation = YES;
				INFOPLIST_KEY_UIApplicationSupportsIndirectInputEvents = YES;
				INFOPLIST_KEY_UILaunchScreen_Generation = YES;
				INFOPLIST_KEY_UISupportedInterfaceOrientations_iPad = "UIInterfaceOrientationPortrait UIInterfaceOrientationPortraitUpsideDown UIInterfaceOrientationLandscapeLeft UIInterfaceOrientationLandscapeRight";
				INFOPLIST_KEY_UISupportedInterfaceOrientations_iPhone = "UIInterfaceOrientationPortrait UIInterfaceOrientationLandscapeLeft UIInterfaceOrientationLandscapeRight";
				LD_RUNPATH_SEARCH_PATHS = (
					"$(inherited)",
					"@executable_path/Frameworks",
				);
				MARKETING_VERSION = 1.0;
				PRODUCT_BUNDLE_IDENTIFIER = com.baeminbasket;
				PRODUCT_NAME = "$(TARGET_NAME)";
				SWIFT_EMIT_LOC_STRINGS = YES;
				SWIFT_VERSION = 5.0;
				TARGETED_DEVICE_FAMILY = "1,2";
			};
			name = Release;
		};
		58DF7BBE2C2A7CE500603763 /* Debug */ = {
			isa = XCBuildConfiguration;
			buildSettings = {
				ALWAYS_EMBED_SWIFT_STANDARD_LIBRARIES = YES;
				BUNDLE_LOADER = "$(TEST_HOST)";
				CODE_SIGN_STYLE = Automatic;
				CURRENT_PROJECT_VERSION = 1;
				DEVELOPMENT_TEAM = G62DUX396A;
				GENERATE_INFOPLIST_FILE = YES;
				IPHONEOS_DEPLOYMENT_TARGET = 17.5;
				MARKETING_VERSION = 1.0;
				PRODUCT_BUNDLE_IDENTIFIER = com.baeminbasketTests;
				PRODUCT_NAME = "$(TARGET_NAME)";
				SWIFT_EMIT_LOC_STRINGS = NO;
				SWIFT_VERSION = 5.0;
				TARGETED_DEVICE_FAMILY = "1,2";
				TEST_HOST = "$(BUILT_PRODUCTS_DIR)/baeminbasket.app/$(BUNDLE_EXECUTABLE_FOLDER_PATH)/baeminbasket";
			};
			name = Debug;
		};
		58DF7BBF2C2A7CE500603763 /* Release */ = {
			isa = XCBuildConfiguration;
			buildSettings = {
				ALWAYS_EMBED_SWIFT_STANDARD_LIBRARIES = YES;
				BUNDLE_LOADER = "$(TEST_HOST)";
				CODE_SIGN_STYLE = Automatic;
				CURRENT_PROJECT_VERSION = 1;
				DEVELOPMENT_TEAM = G62DUX396A;
				GENERATE_INFOPLIST_FILE = YES;
				IPHONEOS_DEPLOYMENT_TARGET = 17.5;
				MARKETING_VERSION = 1.0;
				PRODUCT_BUNDLE_IDENTIFIER = com.baeminbasketTests;
				PRODUCT_NAME = "$(TARGET_NAME)";
				SWIFT_EMIT_LOC_STRINGS = NO;
				SWIFT_VERSION = 5.0;
				TARGETED_DEVICE_FAMILY = "1,2";
				TEST_HOST = "$(BUILT_PRODUCTS_DIR)/baeminbasket.app/$(BUNDLE_EXECUTABLE_FOLDER_PATH)/baeminbasket";
			};
			name = Release;
		};
		58DF7BC12C2A7CE500603763 /* Debug */ = {
			isa = XCBuildConfiguration;
			buildSettings = {
				ALWAYS_EMBED_SWIFT_STANDARD_LIBRARIES = YES;
				CODE_SIGN_STYLE = Automatic;
				CURRENT_PROJECT_VERSION = 1;
				DEVELOPMENT_TEAM = G62DUX396A;
				GENERATE_INFOPLIST_FILE = YES;
				MARKETING_VERSION = 1.0;
				PRODUCT_BUNDLE_IDENTIFIER = com.baeminbasketUITests;
				PRODUCT_NAME = "$(TARGET_NAME)";
				SWIFT_EMIT_LOC_STRINGS = NO;
				SWIFT_VERSION = 5.0;
				TARGETED_DEVICE_FAMILY = "1,2";
				TEST_TARGET_NAME = baeminbasket;
			};
			name = Debug;
		};
		58DF7BC22C2A7CE500603763 /* Release */ = {
			isa = XCBuildConfiguration;
			buildSettings = {
				ALWAYS_EMBED_SWIFT_STANDARD_LIBRARIES = YES;
				CODE_SIGN_STYLE = Automatic;
				CURRENT_PROJECT_VERSION = 1;
				DEVELOPMENT_TEAM = G62DUX396A;
				GENERATE_INFOPLIST_FILE = YES;
				MARKETING_VERSION = 1.0;
				PRODUCT_BUNDLE_IDENTIFIER = com.baeminbasketUITests;
				PRODUCT_NAME = "$(TARGET_NAME)";
				SWIFT_EMIT_LOC_STRINGS = NO;
				SWIFT_VERSION = 5.0;
				TARGETED_DEVICE_FAMILY = "1,2";
				TEST_TARGET_NAME = baeminbasket;
			};
			name = Release;
		};
/* End XCBuildConfiguration section */

/* Begin XCConfigurationList section */
		58DF7B912C2A7CE300603763 /* Build configuration list for PBXProject "baeminbasket" */ = {
			isa = XCConfigurationList;
			buildConfigurations = (
				58DF7BB82C2A7CE500603763 /* Debug */,
				58DF7BB92C2A7CE500603763 /* Release */,
			);
			defaultConfigurationIsVisible = 0;
			defaultConfigurationName = Release;
		};
		58DF7BBA2C2A7CE500603763 /* Build configuration list for PBXNativeTarget "baeminbasket" */ = {
			isa = XCConfigurationList;
			buildConfigurations = (
				58DF7BBB2C2A7CE500603763 /* Debug */,
				58DF7BBC2C2A7CE500603763 /* Release */,
			);
			defaultConfigurationIsVisible = 0;
			defaultConfigurationName = Release;
		};
		58DF7BBD2C2A7CE500603763 /* Build configuration list for PBXNativeTarget "baeminbasketTests" */ = {
			isa = XCConfigurationList;
			buildConfigurations = (
				58DF7BBE2C2A7CE500603763 /* Debug */,
				58DF7BBF2C2A7CE500603763 /* Release */,
			);
			defaultConfigurationIsVisible = 0;
			defaultConfigurationName = Release;
		};
		58DF7BC02C2A7CE500603763 /* Build configuration list for PBXNativeTarget "baeminbasketUITests" */ = {
			isa = XCConfigurationList;
			buildConfigurations = (
				58DF7BC12C2A7CE500603763 /* Debug */,
				58DF7BC22C2A7CE500603763 /* Release */,
			);
			defaultConfigurationIsVisible = 0;
			defaultConfigurationName = Release;
		};
/* End XCConfigurationList section */
	};
	rootObject = 58DF7B8E2C2A7CE300603763 /* Project object */;
}
